// !$*UTF8*$!
{
	archiveVersion = 1;
	classes = {
	};
	objectVersion = 46;
	objects = {

/* Begin PBXBuildFile section */
		047F1BC016A5DC81008EA18D /* QuartzCore.framework in Frameworks */ = {isa = PBXBuildFile; fileRef = 047F1BBF16A5DC81008EA18D /* QuartzCore.framework */; };
		047F1BCB16A5FB5F008EA18D /* image.png in Resources */ = {isa = PBXBuildFile; fileRef = 047F1BCA16A5FB5F008EA18D /* image.png */; };
		04BCBD73176D7EE7003EB9AD /* NSString+Trim.m in Sources */ = {isa = PBXBuildFile; fileRef = 04BCBD57176D7EE7003EB9AD /* NSString+Trim.m */; };
		04BCBD74176D7EE7003EB9AD /* UIFont+Alert.m in Sources */ = {isa = PBXBuildFile; fileRef = 04BCBD59176D7EE7003EB9AD /* UIFont+Alert.m */; };
		04BCBD75176D7EE7003EB9AD /* UIView+Alert.m in Sources */ = {isa = PBXBuildFile; fileRef = 04BCBD5B176D7EE7003EB9AD /* UIView+Alert.m */; };
		04BCBD76176D7EE7003EB9AD /* MBAlertView.m in Sources */ = {isa = PBXBuildFile; fileRef = 04BCBD5E176D7EE7003EB9AD /* MBAlertView.m */; };
		04BCBD77176D7EE7003EB9AD /* MBAlertViewButton.m in Sources */ = {isa = PBXBuildFile; fileRef = 04BCBD60176D7EE7003EB9AD /* MBAlertViewButton.m */; };
		04BCBD78176D7EE7003EB9AD /* MBAlertViewItem.m in Sources */ = {isa = PBXBuildFile; fileRef = 04BCBD62176D7EE7003EB9AD /* MBAlertViewItem.m */; };
		04BCBD79176D7EE7003EB9AD /* MBFlatAlertButton.m in Sources */ = {isa = PBXBuildFile; fileRef = 04BCBD65176D7EE7003EB9AD /* MBFlatAlertButton.m */; };
		04BCBD7A176D7EE7003EB9AD /* MBFlatAlertView.m in Sources */ = {isa = PBXBuildFile; fileRef = 04BCBD67176D7EE7003EB9AD /* MBFlatAlertView.m */; };
		04BCBD7B176D7EE7003EB9AD /* MBCheckMarkView.m in Sources */ = {isa = PBXBuildFile; fileRef = 04BCBD6A176D7EE7003EB9AD /* MBCheckMarkView.m */; };
		04BCBD7C176D7EE7003EB9AD /* MBHUDView.m in Sources */ = {isa = PBXBuildFile; fileRef = 04BCBD6C176D7EE7003EB9AD /* MBHUDView.m */; };
		04BCBD7D176D7EE7003EB9AD /* MBSpinningCircle.m in Sources */ = {isa = PBXBuildFile; fileRef = 04BCBD6E176D7EE7003EB9AD /* MBSpinningCircle.m */; };
		04BCBD7E176D7EE7003EB9AD /* MBAlertAbstract.m in Sources */ = {isa = PBXBuildFile; fileRef = 04BCBD70176D7EE7003EB9AD /* MBAlertAbstract.m */; };
		04BCBD85176D7F77003EB9AD /* AutoLayoutHelpers.m in Sources */ = {isa = PBXBuildFile; fileRef = 04BCBD81176D7F77003EB9AD /* AutoLayoutHelpers.m */; };
		04BCBD86176D7F77003EB9AD /* README.md in Resources */ = {isa = PBXBuildFile; fileRef = 04BCBD82176D7F77003EB9AD /* README.md */; };
		04BCBD87176D7F77003EB9AD /* UIView+Autolayout.m in Sources */ = {isa = PBXBuildFile; fileRef = 04BCBD84176D7F77003EB9AD /* UIView+Autolayout.m */; };
		04E09FA516A5D7B3008764C0 /* UIKit.framework in Frameworks */ = {isa = PBXBuildFile; fileRef = 04E09FA416A5D7B3008764C0 /* UIKit.framework */; };
		04E09FA716A5D7B3008764C0 /* Foundation.framework in Frameworks */ = {isa = PBXBuildFile; fileRef = 04E09FA616A5D7B3008764C0 /* Foundation.framework */; };
		04E09FA916A5D7B3008764C0 /* CoreGraphics.framework in Frameworks */ = {isa = PBXBuildFile; fileRef = 04E09FA816A5D7B3008764C0 /* CoreGraphics.framework */; };
		04E09FAF16A5D7B3008764C0 /* InfoPlist.strings in Resources */ = {isa = PBXBuildFile; fileRef = 04E09FAD16A5D7B3008764C0 /* InfoPlist.strings */; };
		04E09FB116A5D7B3008764C0 /* main.m in Sources */ = {isa = PBXBuildFile; fileRef = 04E09FB016A5D7B3008764C0 /* main.m */; };
		04E09FB516A5D7B3008764C0 /* MBAppDelegate.m in Sources */ = {isa = PBXBuildFile; fileRef = 04E09FB416A5D7B3008764C0 /* MBAppDelegate.m */; };
		04E09FB716A5D7B3008764C0 /* Default.png in Resources */ = {isa = PBXBuildFile; fileRef = 04E09FB616A5D7B3008764C0 /* Default.png */; };
		04E09FB916A5D7B3008764C0 /* Default@2x.png in Resources */ = {isa = PBXBuildFile; fileRef = 04E09FB816A5D7B3008764C0 /* Default@2x.png */; };
		04E09FBB16A5D7B3008764C0 /* Default-568h@2x.png in Resources */ = {isa = PBXBuildFile; fileRef = 04E09FBA16A5D7B3008764C0 /* Default-568h@2x.png */; };
		90B8D85C170B327600A1A615 /* RootViewController.m in Sources */ = {isa = PBXBuildFile; fileRef = 90B8D85B170B327600A1A615 /* RootViewController.m */; };
/* End PBXBuildFile section */

/* Begin PBXFileReference section */
		047F1BBF16A5DC81008EA18D /* QuartzCore.framework */ = {isa = PBXFileReference; lastKnownFileType = wrapper.framework; name = QuartzCore.framework; path = System/Library/Frameworks/QuartzCore.framework; sourceTree = SDKROOT; };
		047F1BCA16A5FB5F008EA18D /* image.png */ = {isa = PBXFileReference; lastKnownFileType = image.png; path = image.png; sourceTree = "<group>"; };
		04BCBD56176D7EE7003EB9AD /* NSString+Trim.h */ = {isa = PBXFileReference; fileEncoding = 4; lastKnownFileType = sourcecode.c.h; path = "NSString+Trim.h"; sourceTree = "<group>"; };
		04BCBD57176D7EE7003EB9AD /* NSString+Trim.m */ = {isa = PBXFileReference; fileEncoding = 4; lastKnownFileType = sourcecode.c.objc; path = "NSString+Trim.m"; sourceTree = "<group>"; };
		04BCBD58176D7EE7003EB9AD /* UIFont+Alert.h */ = {isa = PBXFileReference; fileEncoding = 4; lastKnownFileType = sourcecode.c.h; path = "UIFont+Alert.h"; sourceTree = "<group>"; };
		04BCBD59176D7EE7003EB9AD /* UIFont+Alert.m */ = {isa = PBXFileReference; fileEncoding = 4; lastKnownFileType = sourcecode.c.objc; path = "UIFont+Alert.m"; sourceTree = "<group>"; };
		04BCBD5A176D7EE7003EB9AD /* UIView+Alert.h */ = {isa = PBXFileReference; fileEncoding = 4; lastKnownFileType = sourcecode.c.h; path = "UIView+Alert.h"; sourceTree = "<group>"; };
		04BCBD5B176D7EE7003EB9AD /* UIView+Alert.m */ = {isa = PBXFileReference; fileEncoding = 4; lastKnownFileType = sourcecode.c.objc; path = "UIView+Alert.m"; sourceTree = "<group>"; };
		04BCBD5D176D7EE7003EB9AD /* MBAlertView.h */ = {isa = PBXFileReference; fileEncoding = 4; lastKnownFileType = sourcecode.c.h; path = MBAlertView.h; sourceTree = "<group>"; };
		04BCBD5E176D7EE7003EB9AD /* MBAlertView.m */ = {isa = PBXFileReference; fileEncoding = 4; lastKnownFileType = sourcecode.c.objc; path = MBAlertView.m; sourceTree = "<group>"; };
		04BCBD5F176D7EE7003EB9AD /* MBAlertViewButton.h */ = {isa = PBXFileReference; fileEncoding = 4; lastKnownFileType = sourcecode.c.h; path = MBAlertViewButton.h; sourceTree = "<group>"; };
		04BCBD60176D7EE7003EB9AD /* MBAlertViewButton.m */ = {isa = PBXFileReference; fileEncoding = 4; lastKnownFileType = sourcecode.c.objc; path = MBAlertViewButton.m; sourceTree = "<group>"; };
		04BCBD61176D7EE7003EB9AD /* MBAlertViewItem.h */ = {isa = PBXFileReference; fileEncoding = 4; lastKnownFileType = sourcecode.c.h; path = MBAlertViewItem.h; sourceTree = "<group>"; };
		04BCBD62176D7EE7003EB9AD /* MBAlertViewItem.m */ = {isa = PBXFileReference; fileEncoding = 4; lastKnownFileType = sourcecode.c.objc; path = MBAlertViewItem.m; sourceTree = "<group>"; };
		04BCBD64176D7EE7003EB9AD /* MBFlatAlertButton.h */ = {isa = PBXFileReference; fileEncoding = 4; lastKnownFileType = sourcecode.c.h; path = MBFlatAlertButton.h; sourceTree = "<group>"; };
		04BCBD65176D7EE7003EB9AD /* MBFlatAlertButton.m */ = {isa = PBXFileReference; fileEncoding = 4; lastKnownFileType = sourcecode.c.objc; path = MBFlatAlertButton.m; sourceTree = "<group>"; };
		04BCBD66176D7EE7003EB9AD /* MBFlatAlertView.h */ = {isa = PBXFileReference; fileEncoding = 4; lastKnownFileType = sourcecode.c.h; path = MBFlatAlertView.h; sourceTree = "<group>"; };
		04BCBD67176D7EE7003EB9AD /* MBFlatAlertView.m */ = {isa = PBXFileReference; fileEncoding = 4; lastKnownFileType = sourcecode.c.objc; path = MBFlatAlertView.m; sourceTree = "<group>"; };
		04BCBD69176D7EE7003EB9AD /* MBCheckMarkView.h */ = {isa = PBXFileReference; fileEncoding = 4; lastKnownFileType = sourcecode.c.h; path = MBCheckMarkView.h; sourceTree = "<group>"; };
		04BCBD6A176D7EE7003EB9AD /* MBCheckMarkView.m */ = {isa = PBXFileReference; fileEncoding = 4; lastKnownFileType = sourcecode.c.objc; path = MBCheckMarkView.m; sourceTree = "<group>"; };
		04BCBD6B176D7EE7003EB9AD /* MBHUDView.h */ = {isa = PBXFileReference; fileEncoding = 4; lastKnownFileType = sourcecode.c.h; path = MBHUDView.h; sourceTree = "<group>"; };
		04BCBD6C176D7EE7003EB9AD /* MBHUDView.m */ = {isa = PBXFileReference; fileEncoding = 4; lastKnownFileType = sourcecode.c.objc; path = MBHUDView.m; sourceTree = "<group>"; };
		04BCBD6D176D7EE7003EB9AD /* MBSpinningCircle.h */ = {isa = PBXFileReference; fileEncoding = 4; lastKnownFileType = sourcecode.c.h; path = MBSpinningCircle.h; sourceTree = "<group>"; };
		04BCBD6E176D7EE7003EB9AD /* MBSpinningCircle.m */ = {isa = PBXFileReference; fileEncoding = 4; lastKnownFileType = sourcecode.c.objc; path = MBSpinningCircle.m; sourceTree = "<group>"; };
		04BCBD6F176D7EE7003EB9AD /* MBAlertAbstract.h */ = {isa = PBXFileReference; fileEncoding = 4; lastKnownFileType = sourcecode.c.h; path = MBAlertAbstract.h; sourceTree = "<group>"; };
		04BCBD70176D7EE7003EB9AD /* MBAlertAbstract.m */ = {isa = PBXFileReference; fileEncoding = 4; lastKnownFileType = sourcecode.c.objc; path = MBAlertAbstract.m; sourceTree = "<group>"; };
		04BCBD72176D7EE7003EB9AD /* MBAlertViewSubclass.h */ = {isa = PBXFileReference; fileEncoding = 4; lastKnownFileType = sourcecode.c.h; path = MBAlertViewSubclass.h; sourceTree = "<group>"; };
		04BCBD80176D7F77003EB9AD /* AutoLayoutHelpers.h */ = {isa = PBXFileReference; fileEncoding = 4; lastKnownFileType = sourcecode.c.h; path = AutoLayoutHelpers.h; sourceTree = "<group>"; };
		04BCBD81176D7F77003EB9AD /* AutoLayoutHelpers.m */ = {isa = PBXFileReference; fileEncoding = 4; lastKnownFileType = sourcecode.c.objc; path = AutoLayoutHelpers.m; sourceTree = "<group>"; };
		04BCBD82176D7F77003EB9AD /* README.md */ = {isa = PBXFileReference; fileEncoding = 4; lastKnownFileType = text; path = README.md; sourceTree = "<group>"; };
		04BCBD83176D7F77003EB9AD /* UIView+Autolayout.h */ = {isa = PBXFileReference; fileEncoding = 4; lastKnownFileType = sourcecode.c.h; path = "UIView+Autolayout.h"; sourceTree = "<group>"; };
		04BCBD84176D7F77003EB9AD /* UIView+Autolayout.m */ = {isa = PBXFileReference; fileEncoding = 4; lastKnownFileType = sourcecode.c.objc; path = "UIView+Autolayout.m"; sourceTree = "<group>"; };
		04E09FA016A5D7B3008764C0 /* AlertsDemo.app */ = {isa = PBXFileReference; explicitFileType = wrapper.application; includeInIndex = 0; path = AlertsDemo.app; sourceTree = BUILT_PRODUCTS_DIR; };
		04E09FA416A5D7B3008764C0 /* UIKit.framework */ = {isa = PBXFileReference; lastKnownFileType = wrapper.framework; name = UIKit.framework; path = System/Library/Frameworks/UIKit.framework; sourceTree = SDKROOT; };
		04E09FA616A5D7B3008764C0 /* Foundation.framework */ = {isa = PBXFileReference; lastKnownFileType = wrapper.framework; name = Foundation.framework; path = System/Library/Frameworks/Foundation.framework; sourceTree = SDKROOT; };
		04E09FA816A5D7B3008764C0 /* CoreGraphics.framework */ = {isa = PBXFileReference; lastKnownFileType = wrapper.framework; name = CoreGraphics.framework; path = System/Library/Frameworks/CoreGraphics.framework; sourceTree = SDKROOT; };
		04E09FAC16A5D7B3008764C0 /* AlertsDemo-Info.plist */ = {isa = PBXFileReference; lastKnownFileType = text.plist.xml; path = "AlertsDemo-Info.plist"; sourceTree = "<group>"; };
		04E09FAE16A5D7B3008764C0 /* en */ = {isa = PBXFileReference; lastKnownFileType = text.plist.strings; name = en; path = en.lproj/InfoPlist.strings; sourceTree = "<group>"; };
		04E09FB016A5D7B3008764C0 /* main.m */ = {isa = PBXFileReference; lastKnownFileType = sourcecode.c.objc; path = main.m; sourceTree = "<group>"; };
		04E09FB216A5D7B3008764C0 /* AlertsDemo-Prefix.pch */ = {isa = PBXFileReference; lastKnownFileType = sourcecode.c.h; path = "AlertsDemo-Prefix.pch"; sourceTree = "<group>"; };
		04E09FB316A5D7B3008764C0 /* MBAppDelegate.h */ = {isa = PBXFileReference; lastKnownFileType = sourcecode.c.h; path = MBAppDelegate.h; sourceTree = "<group>"; };
		04E09FB416A5D7B3008764C0 /* MBAppDelegate.m */ = {isa = PBXFileReference; lastKnownFileType = sourcecode.c.objc; path = MBAppDelegate.m; sourceTree = "<group>"; };
		04E09FB616A5D7B3008764C0 /* Default.png */ = {isa = PBXFileReference; lastKnownFileType = image.png; path = Default.png; sourceTree = "<group>"; };
		04E09FB816A5D7B3008764C0 /* Default@2x.png */ = {isa = PBXFileReference; lastKnownFileType = image.png; path = "Default@2x.png"; sourceTree = "<group>"; };
		04E09FBA16A5D7B3008764C0 /* Default-568h@2x.png */ = {isa = PBXFileReference; lastKnownFileType = image.png; path = "Default-568h@2x.png"; sourceTree = "<group>"; };
		90B8D85A170B327600A1A615 /* RootViewController.h */ = {isa = PBXFileReference; fileEncoding = 4; lastKnownFileType = sourcecode.c.h; path = RootViewController.h; sourceTree = "<group>"; };
		90B8D85B170B327600A1A615 /* RootViewController.m */ = {isa = PBXFileReference; fileEncoding = 4; lastKnownFileType = sourcecode.c.objc; path = RootViewController.m; sourceTree = "<group>"; };
/* End PBXFileReference section */

/* Begin PBXFrameworksBuildPhase section */
		04E09F9D16A5D7B3008764C0 /* Frameworks */ = {
			isa = PBXFrameworksBuildPhase;
			buildActionMask = 2147483647;
			files = (
				047F1BC016A5DC81008EA18D /* QuartzCore.framework in Frameworks */,
				04E09FA516A5D7B3008764C0 /* UIKit.framework in Frameworks */,
				04E09FA716A5D7B3008764C0 /* Foundation.framework in Frameworks */,
				04E09FA916A5D7B3008764C0 /* CoreGraphics.framework in Frameworks */,
			);
			runOnlyForDeploymentPostprocessing = 0;
		};
/* End PBXFrameworksBuildPhase section */

/* Begin PBXGroup section */
		04BCBD54176D7EE7003EB9AD /* MBAlertView */ = {
			isa = PBXGroup;
			children = (
				04BCBD55176D7EE7003EB9AD /* Categories */,
				04BCBD5C176D7EE7003EB9AD /* Classic */,
				04BCBD63176D7EE7003EB9AD /* Flat */,
				04BCBD68176D7EE7003EB9AD /* HUD */,
				04BCBD6F176D7EE7003EB9AD /* MBAlertAbstract.h */,
				04BCBD70176D7EE7003EB9AD /* MBAlertAbstract.m */,
				04BCBD71176D7EE7003EB9AD /* Protected */,
			);
			name = MBAlertView;
			path = ../../MBAlertView;
			sourceTree = "<group>";
		};
		04BCBD55176D7EE7003EB9AD /* Categories */ = {
			isa = PBXGroup;
			children = (
				04BCBD56176D7EE7003EB9AD /* NSString+Trim.h */,
				04BCBD57176D7EE7003EB9AD /* NSString+Trim.m */,
				04BCBD58176D7EE7003EB9AD /* UIFont+Alert.h */,
				04BCBD59176D7EE7003EB9AD /* UIFont+Alert.m */,
				04BCBD5A176D7EE7003EB9AD /* UIView+Alert.h */,
				04BCBD5B176D7EE7003EB9AD /* UIView+Alert.m */,
				04BCBD7F176D7F77003EB9AD /* AutolayoutHelpers */,
			);
			path = Categories;
			sourceTree = "<group>";
		};
		04BCBD5C176D7EE7003EB9AD /* Classic */ = {
			isa = PBXGroup;
			children = (
				04BCBD5D176D7EE7003EB9AD /* MBAlertView.h */,
				04BCBD5E176D7EE7003EB9AD /* MBAlertView.m */,
				04BCBD5F176D7EE7003EB9AD /* MBAlertViewButton.h */,
				04BCBD60176D7EE7003EB9AD /* MBAlertViewButton.m */,
				04BCBD61176D7EE7003EB9AD /* MBAlertViewItem.h */,
				04BCBD62176D7EE7003EB9AD /* MBAlertViewItem.m */,
			);
			path = Classic;
			sourceTree = "<group>";
		};
		04BCBD63176D7EE7003EB9AD /* Flat */ = {
			isa = PBXGroup;
			children = (
				04BCBD64176D7EE7003EB9AD /* MBFlatAlertButton.h */,
				04BCBD65176D7EE7003EB9AD /* MBFlatAlertButton.m */,
				04BCBD66176D7EE7003EB9AD /* MBFlatAlertView.h */,
				04BCBD67176D7EE7003EB9AD /* MBFlatAlertView.m */,
			);
			path = Flat;
			sourceTree = "<group>";
		};
		04BCBD68176D7EE7003EB9AD /* HUD */ = {
			isa = PBXGroup;
			children = (
				04BCBD69176D7EE7003EB9AD /* MBCheckMarkView.h */,
				04BCBD6A176D7EE7003EB9AD /* MBCheckMarkView.m */,
				04BCBD6B176D7EE7003EB9AD /* MBHUDView.h */,
				04BCBD6C176D7EE7003EB9AD /* MBHUDView.m */,
				04BCBD6D176D7EE7003EB9AD /* MBSpinningCircle.h */,
				04BCBD6E176D7EE7003EB9AD /* MBSpinningCircle.m */,
			);
			path = HUD;
			sourceTree = "<group>";
		};
		04BCBD71176D7EE7003EB9AD /* Protected */ = {
			isa = PBXGroup;
			children = (
				04BCBD72176D7EE7003EB9AD /* MBAlertViewSubclass.h */,
			);
			path = Protected;
			sourceTree = "<group>";
		};
		04BCBD7F176D7F77003EB9AD /* AutolayoutHelpers */ = {
			isa = PBXGroup;
			children = (
				04BCBD80176D7F77003EB9AD /* AutoLayoutHelpers.h */,
				04BCBD81176D7F77003EB9AD /* AutoLayoutHelpers.m */,
				04BCBD82176D7F77003EB9AD /* README.md */,
				04BCBD83176D7F77003EB9AD /* UIView+Autolayout.h */,
				04BCBD84176D7F77003EB9AD /* UIView+Autolayout.m */,
			);
			name = AutolayoutHelpers;
			path = ../../AutolayoutHelpers;
			sourceTree = "<group>";
		};
		04E09F9516A5D7B3008764C0 = {
			isa = PBXGroup;
			children = (
				04E09FAA16A5D7B3008764C0 /* AlertsDemo */,
				04E09FA316A5D7B3008764C0 /* Frameworks */,
				04E09FA116A5D7B3008764C0 /* Products */,
			);
			sourceTree = "<group>";
		};
		04E09FA116A5D7B3008764C0 /* Products */ = {
			isa = PBXGroup;
			children = (
				04E09FA016A5D7B3008764C0 /* AlertsDemo.app */,
			);
			name = Products;
			sourceTree = "<group>";
		};
		04E09FA316A5D7B3008764C0 /* Frameworks */ = {
			isa = PBXGroup;
			children = (
				047F1BBF16A5DC81008EA18D /* QuartzCore.framework */,
				04E09FA416A5D7B3008764C0 /* UIKit.framework */,
				04E09FA616A5D7B3008764C0 /* Foundation.framework */,
				04E09FA816A5D7B3008764C0 /* CoreGraphics.framework */,
			);
			name = Frameworks;
			sourceTree = "<group>";
		};
		04E09FAA16A5D7B3008764C0 /* AlertsDemo */ = {
			isa = PBXGroup;
			children = (
				04E09FB316A5D7B3008764C0 /* MBAppDelegate.h */,
				04E09FB416A5D7B3008764C0 /* MBAppDelegate.m */,
				04BCBD54176D7EE7003EB9AD /* MBAlertView */,
				04E09FAB16A5D7B3008764C0 /* Supporting Files */,
				90B8D85A170B327600A1A615 /* RootViewController.h */,
				90B8D85B170B327600A1A615 /* RootViewController.m */,
			);
			path = AlertsDemo;
			sourceTree = "<group>";
		};
		04E09FAB16A5D7B3008764C0 /* Supporting Files */ = {
			isa = PBXGroup;
			children = (
				04E09FAC16A5D7B3008764C0 /* AlertsDemo-Info.plist */,
				047F1BCA16A5FB5F008EA18D /* image.png */,
				04E09FAD16A5D7B3008764C0 /* InfoPlist.strings */,
				04E09FB016A5D7B3008764C0 /* main.m */,
				04E09FB216A5D7B3008764C0 /* AlertsDemo-Prefix.pch */,
				04E09FB616A5D7B3008764C0 /* Default.png */,
				04E09FB816A5D7B3008764C0 /* Default@2x.png */,
				04E09FBA16A5D7B3008764C0 /* Default-568h@2x.png */,
			);
			name = "Supporting Files";
			sourceTree = "<group>";
		};
/* End PBXGroup section */

/* Begin PBXNativeTarget section */
		04E09F9F16A5D7B3008764C0 /* AlertsDemo */ = {
			isa = PBXNativeTarget;
			buildConfigurationList = 04E09FBE16A5D7B3008764C0 /* Build configuration list for PBXNativeTarget "AlertsDemo" */;
			buildPhases = (
				04E09F9C16A5D7B3008764C0 /* Sources */,
				04E09F9D16A5D7B3008764C0 /* Frameworks */,
				04E09F9E16A5D7B3008764C0 /* Resources */,
			);
			buildRules = (
			);
			dependencies = (
			);
			name = AlertsDemo;
			productName = AlertsDemo;
			productReference = 04E09FA016A5D7B3008764C0 /* AlertsDemo.app */;
			productType = "com.apple.product-type.application";
		};
/* End PBXNativeTarget section */

/* Begin PBXProject section */
		04E09F9716A5D7B3008764C0 /* Project object */ = {
			isa = PBXProject;
			attributes = {
				CLASSPREFIX = MB;
				LastUpgradeCheck = 0450;
				ORGANIZATIONNAME = "progenius, inc.";
			};
			buildConfigurationList = 04E09F9A16A5D7B3008764C0 /* Build configuration list for PBXProject "AlertsDemo" */;
			compatibilityVersion = "Xcode 3.2";
			developmentRegion = English;
			hasScannedForEncodings = 0;
			knownRegions = (
				en,
			);
			mainGroup = 04E09F9516A5D7B3008764C0;
			productRefGroup = 04E09FA116A5D7B3008764C0 /* Products */;
			projectDirPath = "";
			projectRoot = "";
			targets = (
				04E09F9F16A5D7B3008764C0 /* AlertsDemo */,
			);
		};
/* End PBXProject section */

/* Begin PBXResourcesBuildPhase section */
		04E09F9E16A5D7B3008764C0 /* Resources */ = {
			isa = PBXResourcesBuildPhase;
			buildActionMask = 2147483647;
			files = (
				04BCBD86176D7F77003EB9AD /* README.md in Resources */,
				04E09FAF16A5D7B3008764C0 /* InfoPlist.strings in Resources */,
				04E09FB716A5D7B3008764C0 /* Default.png in Resources */,
				04E09FB916A5D7B3008764C0 /* Default@2x.png in Resources */,
				04E09FBB16A5D7B3008764C0 /* Default-568h@2x.png in Resources */,
				047F1BCB16A5FB5F008EA18D /* image.png in Resources */,
			);
			runOnlyForDeploymentPostprocessing = 0;
		};
/* End PBXResourcesBuildPhase section */

/* Begin PBXSourcesBuildPhase section */
		04E09F9C16A5D7B3008764C0 /* Sources */ = {
			isa = PBXSourcesBuildPhase;
			buildActionMask = 2147483647;
			files = (
				04BCBD7C176D7EE7003EB9AD /* MBHUDView.m in Sources */,
				04E09FB116A5D7B3008764C0 /* main.m in Sources */,
				04BCBD7D176D7EE7003EB9AD /* MBSpinningCircle.m in Sources */,
				04BCBD75176D7EE7003EB9AD /* UIView+Alert.m in Sources */,
				04BCBD79176D7EE7003EB9AD /* MBFlatAlertButton.m in Sources */,
				04BCBD87176D7F77003EB9AD /* UIView+Autolayout.m in Sources */,
				04BCBD7B176D7EE7003EB9AD /* MBCheckMarkView.m in Sources */,
				04BCBD7E176D7EE7003EB9AD /* MBAlertAbstract.m in Sources */,
				04BCBD76176D7EE7003EB9AD /* MBAlertView.m in Sources */,
				04BCBD85176D7F77003EB9AD /* AutoLayoutHelpers.m in Sources */,
				04BCBD73176D7EE7003EB9AD /* NSString+Trim.m in Sources */,
				04BCBD77176D7EE7003EB9AD /* MBAlertViewButton.m in Sources */,
				04E09FB516A5D7B3008764C0 /* MBAppDelegate.m in Sources */,
				04BCBD74176D7EE7003EB9AD /* UIFont+Alert.m in Sources */,
				90B8D85C170B327600A1A615 /* RootViewController.m in Sources */,
				04BCBD7A176D7EE7003EB9AD /* MBFlatAlertView.m in Sources */,
				04BCBD78176D7EE7003EB9AD /* MBAlertViewItem.m in Sources */,
			);
			runOnlyForDeploymentPostprocessing = 0;
		};
/* End PBXSourcesBuildPhase section */

/* Begin PBXVariantGroup section */
		04E09FAD16A5D7B3008764C0 /* InfoPlist.strings */ = {
			isa = PBXVariantGroup;
			children = (
				04E09FAE16A5D7B3008764C0 /* en */,
			);
			name = InfoPlist.strings;
			sourceTree = "<group>";
		};
/* End PBXVariantGroup section */

/* Begin XCBuildConfiguration section */
		04E09FBC16A5D7B3008764C0 /* Debug */ = {
			isa = XCBuildConfiguration;
			buildSettings = {
				ALWAYS_SEARCH_USER_PATHS = NO;
				CLANG_CXX_LANGUAGE_STANDARD = "gnu++0x";
				CLANG_CXX_LIBRARY = "libc++";
				CLANG_ENABLE_OBJC_ARC = YES;
				CLANG_WARN_EMPTY_BODY = YES;
				CLANG_WARN__DUPLICATE_METHOD_MATCH = YES;
				CODE_SIGN_IDENTITY = "iPhone Developer";
				"CODE_SIGN_IDENTITY[sdk=iphoneos*]" = "iPhone Developer";
				COPY_PHASE_STRIP = NO;
				GCC_C_LANGUAGE_STANDARD = gnu99;
				GCC_DYNAMIC_NO_PIC = NO;
				GCC_OPTIMIZATION_LEVEL = 0;
				GCC_PREPROCESSOR_DEFINITIONS = (
					"DEBUG=1",
					"$(inherited)",
				);
				GCC_SYMBOLS_PRIVATE_EXTERN = NO;
				GCC_WARN_ABOUT_RETURN_TYPE = YES;
				GCC_WARN_UNINITIALIZED_AUTOS = YES;
				GCC_WARN_UNUSED_VARIABLE = YES;
				IPHONEOS_DEPLOYMENT_TARGET = 6.0;
				ONLY_ACTIVE_ARCH = YES;
				PROVISIONING_PROFILE = "";
				"PROVISIONING_PROFILE[sdk=iphoneos*]" = "";
				SDKROOT = iphoneos;
			};
			name = Debug;
		};
		04E09FBD16A5D7B3008764C0 /* Release */ = {
			isa = XCBuildConfiguration;
			buildSettings = {
				ALWAYS_SEARCH_USER_PATHS = NO;
				CLANG_CXX_LANGUAGE_STANDARD = "gnu++0x";
				CLANG_CXX_LIBRARY = "libc++";
				CLANG_ENABLE_OBJC_ARC = YES;
				CLANG_WARN_EMPTY_BODY = YES;
				CLANG_WARN__DUPLICATE_METHOD_MATCH = YES;
				CODE_SIGN_IDENTITY = "iPhone Developer";
				"CODE_SIGN_IDENTITY[sdk=iphoneos*]" = "iPhone Developer";
				COPY_PHASE_STRIP = YES;
				GCC_C_LANGUAGE_STANDARD = gnu99;
				GCC_WARN_ABOUT_RETURN_TYPE = YES;
				GCC_WARN_UNINITIALIZED_AUTOS = YES;
				GCC_WARN_UNUSED_VARIABLE = YES;
				IPHONEOS_DEPLOYMENT_TARGET = 6.0;
				OTHER_CFLAGS = "-DNS_BLOCK_ASSERTIONS=1";
				PROVISIONING_PROFILE = "";
				"PROVISIONING_PROFILE[sdk=iphoneos*]" = "";
				SDKROOT = iphoneos;
				VALIDATE_PRODUCT = YES;
			};
			name = Release;
		};
		04E09FBF16A5D7B3008764C0 /* Debug */ = {
			isa = XCBuildConfiguration;
			buildSettings = {
				GCC_PRECOMPILE_PREFIX_HEADER = YES;
				GCC_PREFIX_HEADER = "AlertsDemo/AlertsDemo-Prefix.pch";
				INFOPLIST_FILE = "AlertsDemo/AlertsDemo-Info.plist";
				IPHONEOS_DEPLOYMENT_TARGET = 4.3;
				PRODUCT_NAME = "$(TARGET_NAME)";
				WRAPPER_EXTENSION = app;
			};
			name = Debug;
		};
		04E09FC016A5D7B3008764C0 /* Release */ = {
			isa = XCBuildConfiguration;
			buildSettings = {
				GCC_PRECOMPILE_PREFIX_HEADER = YES;
				GCC_PREFIX_HEADER = "AlertsDemo/AlertsDemo-Prefix.pch";
				INFOPLIST_FILE = "AlertsDemo/AlertsDemo-Info.plist";
				IPHONEOS_DEPLOYMENT_TARGET = 4.3;
				PRODUCT_NAME = "$(TARGET_NAME)";
				WRAPPER_EXTENSION = app;
			};
			name = Release;
		};
/* End XCBuildConfiguration section */

/* Begin XCConfigurationList section */
		04E09F9A16A5D7B3008764C0 /* Build configuration list for PBXProject "AlertsDemo" */ = {
			isa = XCConfigurationList;
			buildConfigurations = (
				04E09FBC16A5D7B3008764C0 /* Debug */,
				04E09FBD16A5D7B3008764C0 /* Release */,
			);
			defaultConfigurationIsVisible = 0;
			defaultConfigurationName = Release;
		};
		04E09FBE16A5D7B3008764C0 /* Build configuration list for PBXNativeTarget "AlertsDemo" */ = {
			isa = XCConfigurationList;
			buildConfigurations = (
				04E09FBF16A5D7B3008764C0 /* Debug */,
				04E09FC016A5D7B3008764C0 /* Release */,
			);
			defaultConfigurationIsVisible = 0;
			defaultConfigurationName = Release;
		};
/* End XCConfigurationList section */
	};
	rootObject = 04E09F9716A5D7B3008764C0 /* Project object */;
}
